// !$*UTF8*$!
{
	archiveVersion = 1;
	classes = {
	};
	objectVersion = 56;
	objects = {

/* Begin PBXBuildFile section */
		18DA57312A0929F600EE16EA /* TransferService.swift in Sources */ = {isa = PBXBuildFile; fileRef = 18DA57302A0929F600EE16EA /* TransferService.swift */; };
		18DA57352A092A2900EE16EA /* CentralViewModel.swift in Sources */ = {isa = PBXBuildFile; fileRef = 18DA57342A092A2900EE16EA /* CentralViewModel.swift */; };
		18DA57372A092A4E00EE16EA /* PeripheralViewModel.swift in Sources */ = {isa = PBXBuildFile; fileRef = 18DA57362A092A4E00EE16EA /* PeripheralViewModel.swift */; };
		18DA57392A092AE700EE16EA /* CentralView.swift in Sources */ = {isa = PBXBuildFile; fileRef = 18DA57382A092AE700EE16EA /* CentralView.swift */; };
		1AB47F962A0106300034468E /* ChooseView.swift in Sources */ = {isa = PBXBuildFile; fileRef = 1AB47F952A0106300034468E /* ChooseView.swift */; };
		4018B36A2A0CC03E00B01F2A /* PersistenceController.swift in Sources */ = {isa = PBXBuildFile; fileRef = 4018B3692A0CC03E00B01F2A /* PersistenceController.swift */; };
		4018B36D2A0CC05600B01F2A /* CookCookBaby.xcdatamodeld in Sources */ = {isa = PBXBuildFile; fileRef = 4018B36B2A0CC05600B01F2A /* CookCookBaby.xcdatamodeld */; };
		4040F62629FA67E200C3B35D /* CookCookBabyApp.swift in Sources */ = {isa = PBXBuildFile; fileRef = 4040F62529FA67E200C3B35D /* CookCookBabyApp.swift */; };
		4040F62829FA67E200C3B35D /* ContentView.swift in Sources */ = {isa = PBXBuildFile; fileRef = 4040F62729FA67E200C3B35D /* ContentView.swift */; };
		4040F62A29FA67E400C3B35D /* Assets.xcassets in Resources */ = {isa = PBXBuildFile; fileRef = 4040F62929FA67E400C3B35D /* Assets.xcassets */; };
		4040F62D29FA67E400C3B35D /* Preview Assets.xcassets in Resources */ = {isa = PBXBuildFile; fileRef = 4040F62C29FA67E400C3B35D /* Preview Assets.xcassets */; };
		4040F63429FA6B7900C3B35D /* .gitignore in Resources */ = {isa = PBXBuildFile; fileRef = 4040F63329FA6B7900C3B35D /* .gitignore */; };
		426AEA3C2A0A479D0045D3DE /* meatSound.mp3 in Resources */ = {isa = PBXBuildFile; fileRef = 426AEA382A0A479C0045D3DE /* meatSound.mp3 */; };
		426AEA3D2A0A479D0045D3DE /* eggplantSound.mp3 in Resources */ = {isa = PBXBuildFile; fileRef = 426AEA392A0A479D0045D3DE /* eggplantSound.mp3 */; };
		426AEA3E2A0A479D0045D3DE /* paprikaSound.mp3 in Resources */ = {isa = PBXBuildFile; fileRef = 426AEA3A2A0A479D0045D3DE /* paprikaSound.mp3 */; };
		426AEA3F2A0A479D0045D3DE /* potatoSound.mp3 in Resources */ = {isa = PBXBuildFile; fileRef = 426AEA3B2A0A479D0045D3DE /* potatoSound.mp3 */; };
		42F9E5482A012DC8008FCF26 /* choppingSound.mp3 in Resources */ = {isa = PBXBuildFile; fileRef = 42F9E5472A012DC8008FCF26 /* choppingSound.mp3 */; };
		42F9E5662A023E6F008FCF26 /* scallionSound.mp3 in Resources */ = {isa = PBXBuildFile; fileRef = 42F9E5652A023E6F008FCF26 /* scallionSound.mp3 */; };
		42F9E5682A024F6D008FCF26 /* mushroomSound.mp3 in Resources */ = {isa = PBXBuildFile; fileRef = 42F9E5672A024F6D008FCF26 /* mushroomSound.mp3 */; };
		42F9E56A2A02914F008FCF26 /* HapticSetting.swift in Sources */ = {isa = PBXBuildFile; fileRef = 42F9E5692A02914F008FCF26 /* HapticSetting.swift */; };
		6F660F392A07D16700031567 /* ConnectedChoppingView.swift in Sources */ = {isa = PBXBuildFile; fileRef = 6F660F382A07D16700031567 /* ConnectedChoppingView.swift */; };
		6F660F3B2A07D40D00031567 /* RouterView.swift in Sources */ = {isa = PBXBuildFile; fileRef = 6F660F3A2A07D40D00031567 /* RouterView.swift */; };
		6F660F3D2A07D52E00031567 /* ConnectedViewModel.swift in Sources */ = {isa = PBXBuildFile; fileRef = 6F660F3C2A07D52E00031567 /* ConnectedViewModel.swift */; };
		6FCE0A2B29FD06E7006830A6 /* Model.swift in Sources */ = {isa = PBXBuildFile; fileRef = 6FCE0A2A29FD06E7006830A6 /* Model.swift */; };
		6FCE0A2E29FD087E006830A6 /* ChoppingView.swift in Sources */ = {isa = PBXBuildFile; fileRef = 6FCE0A2D29FD087E006830A6 /* ChoppingView.swift */; };
		6FCE0A3129FD08A3006830A6 /* ChoppingViewModel.swift in Sources */ = {isa = PBXBuildFile; fileRef = 6FCE0A3029FD08A3006830A6 /* ChoppingViewModel.swift */; };
		6FCE0A3429FD1F57006830A6 /* SoundSetting.swift in Sources */ = {isa = PBXBuildFile; fileRef = 6FCE0A3329FD1F57006830A6 /* SoundSetting.swift */; };
		6FCE0A3C29FD20A0006830A6 /* fishSound.mp3 in Resources */ = {isa = PBXBuildFile; fileRef = 6FCE0A3629FD209F006830A6 /* fishSound.mp3 */; };
		6FCE0A3D29FD20A0006830A6 /* broccoliSound.mp3 in Resources */ = {isa = PBXBuildFile; fileRef = 6FCE0A3729FD209F006830A6 /* broccoliSound.mp3 */; };
		6FCE0A3E29FD20A0006830A6 /* cabbageSound.mp3 in Resources */ = {isa = PBXBuildFile; fileRef = 6FCE0A3829FD209F006830A6 /* cabbageSound.mp3 */; };
		6FCE0A3F29FD20A0006830A6 /* onionSound.mp3 in Resources */ = {isa = PBXBuildFile; fileRef = 6FCE0A3929FD209F006830A6 /* onionSound.mp3 */; };
		6FCE0A4029FD20A0006830A6 /* carrotSound.mp3 in Resources */ = {isa = PBXBuildFile; fileRef = 6FCE0A3A29FD20A0006830A6 /* carrotSound.mp3 */; };
		6FCE0A4129FD20A0006830A6 /* tomatoSound.mp3 in Resources */ = {isa = PBXBuildFile; fileRef = 6FCE0A3B29FD20A0006830A6 /* tomatoSound.mp3 */; };
/* End PBXBuildFile section */

/* Begin PBXFileReference section */
		18DA57302A0929F600EE16EA /* TransferService.swift */ = {isa = PBXFileReference; lastKnownFileType = sourcecode.swift; path = TransferService.swift; sourceTree = "<group>"; };
		18DA57342A092A2900EE16EA /* CentralViewModel.swift */ = {isa = PBXFileReference; lastKnownFileType = sourcecode.swift; path = CentralViewModel.swift; sourceTree = "<group>"; };
		18DA57362A092A4E00EE16EA /* PeripheralViewModel.swift */ = {isa = PBXFileReference; lastKnownFileType = sourcecode.swift; path = PeripheralViewModel.swift; sourceTree = "<group>"; };
		18DA57382A092AE700EE16EA /* CentralView.swift */ = {isa = PBXFileReference; lastKnownFileType = sourcecode.swift; path = CentralView.swift; sourceTree = "<group>"; };
		1AB47F952A0106300034468E /* ChooseView.swift */ = {isa = PBXFileReference; lastKnownFileType = sourcecode.swift; path = ChooseView.swift; sourceTree = "<group>"; };
		4018B3692A0CC03E00B01F2A /* PersistenceController.swift */ = {isa = PBXFileReference; lastKnownFileType = sourcecode.swift; path = PersistenceController.swift; sourceTree = "<group>"; };
		4018B36C2A0CC05600B01F2A /* CookCookBaby.xcdatamodel */ = {isa = PBXFileReference; lastKnownFileType = wrapper.xcdatamodel; path = CookCookBaby.xcdatamodel; sourceTree = "<group>"; };
		4018B36E2A0CC36700B01F2A /* CookCookBaby.entitlements */ = {isa = PBXFileReference; lastKnownFileType = text.plist.entitlements; path = CookCookBaby.entitlements; sourceTree = "<group>"; };
		4018B36F2A0CC36B00B01F2A /* Info.plist */ = {isa = PBXFileReference; lastKnownFileType = text.plist; path = Info.plist; sourceTree = "<group>"; };
		4040F62229FA67E200C3B35D /* CookCookBaby.app */ = {isa = PBXFileReference; explicitFileType = wrapper.application; includeInIndex = 0; path = CookCookBaby.app; sourceTree = BUILT_PRODUCTS_DIR; };
		4040F62529FA67E200C3B35D /* CookCookBabyApp.swift */ = {isa = PBXFileReference; lastKnownFileType = sourcecode.swift; path = CookCookBabyApp.swift; sourceTree = "<group>"; };
		4040F62729FA67E200C3B35D /* ContentView.swift */ = {isa = PBXFileReference; lastKnownFileType = sourcecode.swift; path = ContentView.swift; sourceTree = "<group>"; };
		4040F62929FA67E400C3B35D /* Assets.xcassets */ = {isa = PBXFileReference; lastKnownFileType = folder.assetcatalog; path = Assets.xcassets; sourceTree = "<group>"; };
		4040F62C29FA67E400C3B35D /* Preview Assets.xcassets */ = {isa = PBXFileReference; lastKnownFileType = folder.assetcatalog; path = "Preview Assets.xcassets"; sourceTree = "<group>"; };
		4040F63329FA6B7900C3B35D /* .gitignore */ = {isa = PBXFileReference; lastKnownFileType = text; path = .gitignore; sourceTree = "<group>"; };
		426AEA382A0A479C0045D3DE /* meatSound.mp3 */ = {isa = PBXFileReference; lastKnownFileType = audio.mp3; path = meatSound.mp3; sourceTree = "<group>"; };
		426AEA392A0A479D0045D3DE /* eggplantSound.mp3 */ = {isa = PBXFileReference; lastKnownFileType = audio.mp3; path = eggplantSound.mp3; sourceTree = "<group>"; };
		426AEA3A2A0A479D0045D3DE /* paprikaSound.mp3 */ = {isa = PBXFileReference; lastKnownFileType = audio.mp3; path = paprikaSound.mp3; sourceTree = "<group>"; };
		426AEA3B2A0A479D0045D3DE /* potatoSound.mp3 */ = {isa = PBXFileReference; lastKnownFileType = audio.mp3; path = potatoSound.mp3; sourceTree = "<group>"; };
		42F9E5472A012DC8008FCF26 /* choppingSound.mp3 */ = {isa = PBXFileReference; lastKnownFileType = audio.mp3; path = choppingSound.mp3; sourceTree = "<group>"; };
		42F9E5652A023E6F008FCF26 /* scallionSound.mp3 */ = {isa = PBXFileReference; lastKnownFileType = audio.mp3; path = scallionSound.mp3; sourceTree = "<group>"; };
		42F9E5672A024F6D008FCF26 /* mushroomSound.mp3 */ = {isa = PBXFileReference; lastKnownFileType = audio.mp3; path = mushroomSound.mp3; sourceTree = "<group>"; };
		42F9E5692A02914F008FCF26 /* HapticSetting.swift */ = {isa = PBXFileReference; lastKnownFileType = sourcecode.swift; path = HapticSetting.swift; sourceTree = "<group>"; };
		6F660F382A07D16700031567 /* ConnectedChoppingView.swift */ = {isa = PBXFileReference; lastKnownFileType = sourcecode.swift; path = ConnectedChoppingView.swift; sourceTree = "<group>"; };
		6F660F3A2A07D40D00031567 /* RouterView.swift */ = {isa = PBXFileReference; lastKnownFileType = sourcecode.swift; path = RouterView.swift; sourceTree = "<group>"; };
		6F660F3C2A07D52E00031567 /* ConnectedViewModel.swift */ = {isa = PBXFileReference; lastKnownFileType = sourcecode.swift; path = ConnectedViewModel.swift; sourceTree = "<group>"; };
		6FCE0A2A29FD06E7006830A6 /* Model.swift */ = {isa = PBXFileReference; lastKnownFileType = sourcecode.swift; path = Model.swift; sourceTree = "<group>"; };
		6FCE0A2D29FD087E006830A6 /* ChoppingView.swift */ = {isa = PBXFileReference; lastKnownFileType = sourcecode.swift; path = ChoppingView.swift; sourceTree = "<group>"; };
		6FCE0A3029FD08A3006830A6 /* ChoppingViewModel.swift */ = {isa = PBXFileReference; lastKnownFileType = sourcecode.swift; path = ChoppingViewModel.swift; sourceTree = "<group>"; };
		6FCE0A3329FD1F57006830A6 /* SoundSetting.swift */ = {isa = PBXFileReference; lastKnownFileType = sourcecode.swift; path = SoundSetting.swift; sourceTree = "<group>"; };
		6FCE0A3629FD209F006830A6 /* fishSound.mp3 */ = {isa = PBXFileReference; lastKnownFileType = audio.mp3; path = fishSound.mp3; sourceTree = "<group>"; };
		6FCE0A3729FD209F006830A6 /* broccoliSound.mp3 */ = {isa = PBXFileReference; lastKnownFileType = audio.mp3; path = broccoliSound.mp3; sourceTree = "<group>"; };
		6FCE0A3829FD209F006830A6 /* cabbageSound.mp3 */ = {isa = PBXFileReference; lastKnownFileType = audio.mp3; path = cabbageSound.mp3; sourceTree = "<group>"; };
		6FCE0A3929FD209F006830A6 /* onionSound.mp3 */ = {isa = PBXFileReference; lastKnownFileType = audio.mp3; path = onionSound.mp3; sourceTree = "<group>"; };
		6FCE0A3A29FD20A0006830A6 /* carrotSound.mp3 */ = {isa = PBXFileReference; lastKnownFileType = audio.mp3; path = carrotSound.mp3; sourceTree = "<group>"; };
		6FCE0A3B29FD20A0006830A6 /* tomatoSound.mp3 */ = {isa = PBXFileReference; lastKnownFileType = audio.mp3; path = tomatoSound.mp3; sourceTree = "<group>"; };
/* End PBXFileReference section */

/* Begin PBXFrameworksBuildPhase section */
		4040F61F29FA67E200C3B35D /* Frameworks */ = {
			isa = PBXFrameworksBuildPhase;
			buildActionMask = 2147483647;
			files = (
			);
			runOnlyForDeploymentPostprocessing = 0;
		};
/* End PBXFrameworksBuildPhase section */

/* Begin PBXGroup section */
		18DA57322A092A0E00EE16EA /* Central */ = {
			isa = PBXGroup;
			children = (
				18DA57342A092A2900EE16EA /* CentralViewModel.swift */,
			);
			path = Central;
			sourceTree = "<group>";
		};
		18DA57332A092A1400EE16EA /* Peripheral */ = {
			isa = PBXGroup;
			children = (
				18DA57362A092A4E00EE16EA /* PeripheralViewModel.swift */,
			);
			path = Peripheral;
			sourceTree = "<group>";
		};
		4040F61929FA67E200C3B35D = {
			isa = PBXGroup;
			children = (
				4040F63329FA6B7900C3B35D /* .gitignore */,
				4040F62429FA67E200C3B35D /* CookCookBaby */,
				4040F62329FA67E200C3B35D /* Products */,
			);
			sourceTree = "<group>";
		};
		4040F62329FA67E200C3B35D /* Products */ = {
			isa = PBXGroup;
			children = (
				4040F62229FA67E200C3B35D /* CookCookBaby.app */,
			);
			name = Products;
			sourceTree = "<group>";
		};
		4040F62429FA67E200C3B35D /* CookCookBaby */ = {
			isa = PBXGroup;
			children = (
				4018B36F2A0CC36B00B01F2A /* Info.plist */,
				4018B36E2A0CC36700B01F2A /* CookCookBaby.entitlements */,
				4018B36B2A0CC05600B01F2A /* CookCookBaby.xcdatamodeld */,
				4040F62529FA67E200C3B35D /* CookCookBabyApp.swift */,
				4040F62729FA67E200C3B35D /* ContentView.swift */,
				6FCE0A4229FD20AA006830A6 /* Resources */,
				6FCE0A3229FD1F3F006830A6 /* Utils */,
				6FCE0A2C29FD0840006830A6 /* View */,
				6FCE0A2F29FD0889006830A6 /* ViewModel */,
				6FCE0A2929FD06CF006830A6 /* Model */,
				4040F62B29FA67E400C3B35D /* Preview Content */,
			);
			path = CookCookBaby;
			sourceTree = "<group>";
		};
		4040F62B29FA67E400C3B35D /* Preview Content */ = {
			isa = PBXGroup;
			children = (
				4040F62C29FA67E400C3B35D /* Preview Assets.xcassets */,
			);
			path = "Preview Content";
			sourceTree = "<group>";
		};
		6FCE0A2929FD06CF006830A6 /* Model */ = {
			isa = PBXGroup;
			children = (
				6FCE0A2A29FD06E7006830A6 /* Model.swift */,
				18DA57302A0929F600EE16EA /* TransferService.swift */,
				4040F62929FA67E400C3B35D /* Assets.xcassets */,
			);
			path = Model;
			sourceTree = "<group>";
		};
		6FCE0A2C29FD0840006830A6 /* View */ = {
			isa = PBXGroup;
			children = (
				6FCE0A2D29FD087E006830A6 /* ChoppingView.swift */,
				1AB47F952A0106300034468E /* ChooseView.swift */,
				6F660F382A07D16700031567 /* ConnectedChoppingView.swift */,
				6F660F3A2A07D40D00031567 /* RouterView.swift */,
				18DA57382A092AE700EE16EA /* CentralView.swift */,
			);
			path = View;
			sourceTree = "<group>";
		};
		6FCE0A2F29FD0889006830A6 /* ViewModel */ = {
			isa = PBXGroup;
			children = (
				18DA57332A092A1400EE16EA /* Peripheral */,
				18DA57322A092A0E00EE16EA /* Central */,
				6FCE0A3029FD08A3006830A6 /* ChoppingViewModel.swift */,
				6F660F3C2A07D52E00031567 /* ConnectedViewModel.swift */,
			);
			path = ViewModel;
			sourceTree = "<group>";
		};
		6FCE0A3229FD1F3F006830A6 /* Utils */ = {
			isa = PBXGroup;
			children = (
				4018B3692A0CC03E00B01F2A /* PersistenceController.swift */,
				42F9E5692A02914F008FCF26 /* HapticSetting.swift */,
				6FCE0A3329FD1F57006830A6 /* SoundSetting.swift */,
			);
			path = Utils;
			sourceTree = "<group>";
		};
		6FCE0A4229FD20AA006830A6 /* Resources */ = {
			isa = PBXGroup;
			children = (
				6FCE0A3729FD209F006830A6 /* broccoliSound.mp3 */,
				6FCE0A3829FD209F006830A6 /* cabbageSound.mp3 */,
				6FCE0A3A29FD20A0006830A6 /* carrotSound.mp3 */,
				6FCE0A3629FD209F006830A6 /* fishSound.mp3 */,
				6FCE0A3929FD209F006830A6 /* onionSound.mp3 */,
				426AEA392A0A479D0045D3DE /* eggplantSound.mp3 */,
				426AEA382A0A479C0045D3DE /* meatSound.mp3 */,
				426AEA3A2A0A479D0045D3DE /* paprikaSound.mp3 */,
				426AEA3B2A0A479D0045D3DE /* potatoSound.mp3 */,
				42F9E5652A023E6F008FCF26 /* scallionSound.mp3 */,
				6FCE0A3B29FD20A0006830A6 /* tomatoSound.mp3 */,
				42F9E5672A024F6D008FCF26 /* mushroomSound.mp3 */,
				42F9E5472A012DC8008FCF26 /* choppingSound.mp3 */,
			);
			path = Resources;
			sourceTree = "<group>";
		};
/* End PBXGroup section */

/* Begin PBXNativeTarget section */
		4040F62129FA67E200C3B35D /* CookCookBaby */ = {
			isa = PBXNativeTarget;
			buildConfigurationList = 4040F63029FA67E400C3B35D /* Build configuration list for PBXNativeTarget "CookCookBaby" */;
			buildPhases = (
				4040F61E29FA67E200C3B35D /* Sources */,
				4040F61F29FA67E200C3B35D /* Frameworks */,
				4040F62029FA67E200C3B35D /* Resources */,
			);
			buildRules = (
			);
			dependencies = (
			);
			name = CookCookBaby;
			productName = CookCookBaby;
			productReference = 4040F62229FA67E200C3B35D /* CookCookBaby.app */;
			productType = "com.apple.product-type.application";
		};
/* End PBXNativeTarget section */

/* Begin PBXProject section */
		4040F61A29FA67E200C3B35D /* Project object */ = {
			isa = PBXProject;
			attributes = {
				BuildIndependentTargetsInParallel = 1;
				LastSwiftUpdateCheck = 1430;
				LastUpgradeCheck = 1430;
				TargetAttributes = {
					4040F62129FA67E200C3B35D = {
						CreatedOnToolsVersion = 14.3;
					};
				};
			};
			buildConfigurationList = 4040F61D29FA67E200C3B35D /* Build configuration list for PBXProject "CookCookBaby" */;
			compatibilityVersion = "Xcode 14.0";
			developmentRegion = en;
			hasScannedForEncodings = 0;
			knownRegions = (
				en,
				Base,
			);
			mainGroup = 4040F61929FA67E200C3B35D;
			productRefGroup = 4040F62329FA67E200C3B35D /* Products */;
			projectDirPath = "";
			projectRoot = "";
			targets = (
				4040F62129FA67E200C3B35D /* CookCookBaby */,
			);
		};
/* End PBXProject section */

/* Begin PBXResourcesBuildPhase section */
		4040F62029FA67E200C3B35D /* Resources */ = {
			isa = PBXResourcesBuildPhase;
			buildActionMask = 2147483647;
			files = (
				4040F62D29FA67E400C3B35D /* Preview Assets.xcassets in Resources */,
				6FCE0A4029FD20A0006830A6 /* carrotSound.mp3 in Resources */,
				426AEA3D2A0A479D0045D3DE /* eggplantSound.mp3 in Resources */,
				4040F63429FA6B7900C3B35D /* .gitignore in Resources */,
				6FCE0A3E29FD20A0006830A6 /* cabbageSound.mp3 in Resources */,
				6FCE0A3C29FD20A0006830A6 /* fishSound.mp3 in Resources */,
				6FCE0A3F29FD20A0006830A6 /* onionSound.mp3 in Resources */,
				42F9E5682A024F6D008FCF26 /* mushroomSound.mp3 in Resources */,
				42F9E5482A012DC8008FCF26 /* choppingSound.mp3 in Resources */,
				4040F62A29FA67E400C3B35D /* Assets.xcassets in Resources */,
				42F9E5662A023E6F008FCF26 /* scallionSound.mp3 in Resources */,
				6FCE0A4129FD20A0006830A6 /* tomatoSound.mp3 in Resources */,
				426AEA3C2A0A479D0045D3DE /* meatSound.mp3 in Resources */,
				426AEA3F2A0A479D0045D3DE /* potatoSound.mp3 in Resources */,
				6FCE0A3D29FD20A0006830A6 /* broccoliSound.mp3 in Resources */,
				426AEA3E2A0A479D0045D3DE /* paprikaSound.mp3 in Resources */,
			);
			runOnlyForDeploymentPostprocessing = 0;
		};
/* End PBXResourcesBuildPhase section */

/* Begin PBXSourcesBuildPhase section */
		4040F61E29FA67E200C3B35D /* Sources */ = {
			isa = PBXSourcesBuildPhase;
			buildActionMask = 2147483647;
			files = (
				6F660F3D2A07D52E00031567 /* ConnectedViewModel.swift in Sources */,
				42F9E56A2A02914F008FCF26 /* HapticSetting.swift in Sources */,
				6FCE0A2E29FD087E006830A6 /* ChoppingView.swift in Sources */,
				18DA57352A092A2900EE16EA /* CentralViewModel.swift in Sources */,
				6FCE0A3129FD08A3006830A6 /* ChoppingViewModel.swift in Sources */,
				1AB47F962A0106300034468E /* ChooseView.swift in Sources */,
				6FCE0A3429FD1F57006830A6 /* SoundSetting.swift in Sources */,
				18DA57312A0929F600EE16EA /* TransferService.swift in Sources */,
				4040F62829FA67E200C3B35D /* ContentView.swift in Sources */,
				6FCE0A2B29FD06E7006830A6 /* Model.swift in Sources */,
				18DA57372A092A4E00EE16EA /* PeripheralViewModel.swift in Sources */,
				4018B36D2A0CC05600B01F2A /* CookCookBaby.xcdatamodeld in Sources */,
				4040F62629FA67E200C3B35D /* CookCookBabyApp.swift in Sources */,
				18DA57392A092AE700EE16EA /* CentralView.swift in Sources */,
				6F660F392A07D16700031567 /* ConnectedChoppingView.swift in Sources */,
				6F660F3B2A07D40D00031567 /* RouterView.swift in Sources */,
				4018B36A2A0CC03E00B01F2A /* PersistenceController.swift in Sources */,
			);
			runOnlyForDeploymentPostprocessing = 0;
		};
/* End PBXSourcesBuildPhase section */

/* Begin XCBuildConfiguration section */
		4040F62E29FA67E400C3B35D /* Debug */ = {
			isa = XCBuildConfiguration;
			buildSettings = {
				ALWAYS_SEARCH_USER_PATHS = NO;
				CLANG_ANALYZER_NONNULL = YES;
				CLANG_ANALYZER_NUMBER_OBJECT_CONVERSION = YES_AGGRESSIVE;
				CLANG_CXX_LANGUAGE_STANDARD = "gnu++20";
				CLANG_ENABLE_MODULES = YES;
				CLANG_ENABLE_OBJC_ARC = YES;
				CLANG_ENABLE_OBJC_WEAK = YES;
				CLANG_WARN_BLOCK_CAPTURE_AUTORELEASING = YES;
				CLANG_WARN_BOOL_CONVERSION = YES;
				CLANG_WARN_COMMA = YES;
				CLANG_WARN_CONSTANT_CONVERSION = YES;
				CLANG_WARN_DEPRECATED_OBJC_IMPLEMENTATIONS = YES;
				CLANG_WARN_DIRECT_OBJC_ISA_USAGE = YES_ERROR;
				CLANG_WARN_DOCUMENTATION_COMMENTS = YES;
				CLANG_WARN_EMPTY_BODY = YES;
				CLANG_WARN_ENUM_CONVERSION = YES;
				CLANG_WARN_INFINITE_RECURSION = YES;
				CLANG_WARN_INT_CONVERSION = YES;
				CLANG_WARN_NON_LITERAL_NULL_CONVERSION = YES;
				CLANG_WARN_OBJC_IMPLICIT_RETAIN_SELF = YES;
				CLANG_WARN_OBJC_LITERAL_CONVERSION = YES;
				CLANG_WARN_OBJC_ROOT_CLASS = YES_ERROR;
				CLANG_WARN_QUOTED_INCLUDE_IN_FRAMEWORK_HEADER = YES;
				CLANG_WARN_RANGE_LOOP_ANALYSIS = YES;
				CLANG_WARN_STRICT_PROTOTYPES = YES;
				CLANG_WARN_SUSPICIOUS_MOVE = YES;
				CLANG_WARN_UNGUARDED_AVAILABILITY = YES_AGGRESSIVE;
				CLANG_WARN_UNREACHABLE_CODE = YES;
				CLANG_WARN__DUPLICATE_METHOD_MATCH = YES;
				COPY_PHASE_STRIP = NO;
				DEBUG_INFORMATION_FORMAT = dwarf;
				ENABLE_STRICT_OBJC_MSGSEND = YES;
				ENABLE_TESTABILITY = YES;
				GCC_C_LANGUAGE_STANDARD = gnu11;
				GCC_DYNAMIC_NO_PIC = NO;
				GCC_NO_COMMON_BLOCKS = YES;
				GCC_OPTIMIZATION_LEVEL = 0;
				GCC_PREPROCESSOR_DEFINITIONS = (
					"DEBUG=1",
					"$(inherited)",
				);
				GCC_WARN_64_TO_32_BIT_CONVERSION = YES;
				GCC_WARN_ABOUT_RETURN_TYPE = YES_ERROR;
				GCC_WARN_UNDECLARED_SELECTOR = YES;
				GCC_WARN_UNINITIALIZED_AUTOS = YES_AGGRESSIVE;
				GCC_WARN_UNUSED_FUNCTION = YES;
				GCC_WARN_UNUSED_VARIABLE = YES;
				IPHONEOS_DEPLOYMENT_TARGET = 16.4;
				MTL_ENABLE_DEBUG_INFO = INCLUDE_SOURCE;
				MTL_FAST_MATH = YES;
				ONLY_ACTIVE_ARCH = YES;
				SDKROOT = iphoneos;
				SWIFT_ACTIVE_COMPILATION_CONDITIONS = DEBUG;
				SWIFT_OPTIMIZATION_LEVEL = "-Onone";
			};
			name = Debug;
		};
		4040F62F29FA67E400C3B35D /* Release */ = {
			isa = XCBuildConfiguration;
			buildSettings = {
				ALWAYS_SEARCH_USER_PATHS = NO;
				CLANG_ANALYZER_NONNULL = YES;
				CLANG_ANALYZER_NUMBER_OBJECT_CONVERSION = YES_AGGRESSIVE;
				CLANG_CXX_LANGUAGE_STANDARD = "gnu++20";
				CLANG_ENABLE_MODULES = YES;
				CLANG_ENABLE_OBJC_ARC = YES;
				CLANG_ENABLE_OBJC_WEAK = YES;
				CLANG_WARN_BLOCK_CAPTURE_AUTORELEASING = YES;
				CLANG_WARN_BOOL_CONVERSION = YES;
				CLANG_WARN_COMMA = YES;
				CLANG_WARN_CONSTANT_CONVERSION = YES;
				CLANG_WARN_DEPRECATED_OBJC_IMPLEMENTATIONS = YES;
				CLANG_WARN_DIRECT_OBJC_ISA_USAGE = YES_ERROR;
				CLANG_WARN_DOCUMENTATION_COMMENTS = YES;
				CLANG_WARN_EMPTY_BODY = YES;
				CLANG_WARN_ENUM_CONVERSION = YES;
				CLANG_WARN_INFINITE_RECURSION = YES;
				CLANG_WARN_INT_CONVERSION = YES;
				CLANG_WARN_NON_LITERAL_NULL_CONVERSION = YES;
				CLANG_WARN_OBJC_IMPLICIT_RETAIN_SELF = YES;
				CLANG_WARN_OBJC_LITERAL_CONVERSION = YES;
				CLANG_WARN_OBJC_ROOT_CLASS = YES_ERROR;
				CLANG_WARN_QUOTED_INCLUDE_IN_FRAMEWORK_HEADER = YES;
				CLANG_WARN_RANGE_LOOP_ANALYSIS = YES;
				CLANG_WARN_STRICT_PROTOTYPES = YES;
				CLANG_WARN_SUSPICIOUS_MOVE = YES;
				CLANG_WARN_UNGUARDED_AVAILABILITY = YES_AGGRESSIVE;
				CLANG_WARN_UNREACHABLE_CODE = YES;
				CLANG_WARN__DUPLICATE_METHOD_MATCH = YES;
				COPY_PHASE_STRIP = NO;
				DEBUG_INFORMATION_FORMAT = "dwarf-with-dsym";
				ENABLE_NS_ASSERTIONS = NO;
				ENABLE_STRICT_OBJC_MSGSEND = YES;
				GCC_C_LANGUAGE_STANDARD = gnu11;
				GCC_NO_COMMON_BLOCKS = YES;
				GCC_WARN_64_TO_32_BIT_CONVERSION = YES;
				GCC_WARN_ABOUT_RETURN_TYPE = YES_ERROR;
				GCC_WARN_UNDECLARED_SELECTOR = YES;
				GCC_WARN_UNINITIALIZED_AUTOS = YES_AGGRESSIVE;
				GCC_WARN_UNUSED_FUNCTION = YES;
				GCC_WARN_UNUSED_VARIABLE = YES;
				IPHONEOS_DEPLOYMENT_TARGET = 16.4;
				MTL_ENABLE_DEBUG_INFO = NO;
				MTL_FAST_MATH = YES;
				SDKROOT = iphoneos;
				SWIFT_COMPILATION_MODE = wholemodule;
				SWIFT_OPTIMIZATION_LEVEL = "-O";
				VALIDATE_PRODUCT = YES;
			};
			name = Release;
		};
		4040F63129FA67E400C3B35D /* Debug */ = {
			isa = XCBuildConfiguration;
			buildSettings = {
				ASSETCATALOG_COMPILER_APPICON_NAME = AppIcon;
				ASSETCATALOG_COMPILER_GLOBAL_ACCENT_COLOR_NAME = AccentColor;
				ASSETCATALOG_COMPILER_INCLUDE_ALL_APPICON_ASSETS = YES;
				CODE_SIGN_ENTITLEMENTS = CookCookBaby/CookCookBaby.entitlements;
				CODE_SIGN_IDENTITY = "Apple Development";
				CODE_SIGN_STYLE = Automatic;
				CURRENT_PROJECT_VERSION = 1;
				DEVELOPMENT_ASSET_PATHS = "\"CookCookBaby/Preview Content\"";
				DEVELOPMENT_TEAM = M8JXU75248;
				ENABLE_PREVIEWS = YES;
				GENERATE_INFOPLIST_FILE = YES;
				INFOPLIST_FILE = CookCookBaby/Info.plist;
				INFOPLIST_KEY_CFBundleDisplayName = ChopChopKids;
				INFOPLIST_KEY_NSBluetoothAlwaysUsageDescription = "\"CookCook Baby\" uses bluetooth.";
				INFOPLIST_KEY_NSBluetoothPeripheralUsageDescription = "\"CookCook Baby\" uses bluetooth.";
				INFOPLIST_KEY_UIApplicationSceneManifest_Generation = YES;
				INFOPLIST_KEY_UIApplicationSupportsIndirectInputEvents = YES;
				INFOPLIST_KEY_UILaunchScreen_Generation = YES;
				INFOPLIST_KEY_UISupportedInterfaceOrientations = "UIInterfaceOrientationLandscapeLeft UIInterfaceOrientationLandscapeRight UIInterfaceOrientationPortrait";
				INFOPLIST_KEY_UISupportedInterfaceOrientations_iPad = "UIInterfaceOrientationLandscapeLeft UIInterfaceOrientationLandscapeRight";
				IPHONEOS_DEPLOYMENT_TARGET = 16.0;
				LD_RUNPATH_SEARCH_PATHS = (
					"$(inherited)",
					"@executable_path/Frameworks",
				);
				MARKETING_VERSION = 1.0;
				PRODUCT_BUNDLE_IDENTIFIER = com.ung.CookCookBab;
				PRODUCT_NAME = "$(TARGET_NAME)";
				PROVISIONING_PROFILE_SPECIFIER = "";
				SWIFT_EMIT_LOC_STRINGS = YES;
				SWIFT_VERSION = 5.0;
				TARGETED_DEVICE_FAMILY = "1,2";
			};
			name = Debug;
		};
		4040F63229FA67E400C3B35D /* Release */ = {
			isa = XCBuildConfiguration;
			buildSettings = {
				ASSETCATALOG_COMPILER_APPICON_NAME = AppIcon;
				ASSETCATALOG_COMPILER_GLOBAL_ACCENT_COLOR_NAME = AccentColor;
				ASSETCATALOG_COMPILER_INCLUDE_ALL_APPICON_ASSETS = YES;
				CODE_SIGN_ENTITLEMENTS = CookCookBaby/CookCookBaby.entitlements;
				CODE_SIGN_IDENTITY = "Apple Development";
				CODE_SIGN_STYLE = Automatic;
				CURRENT_PROJECT_VERSION = 1;
				DEVELOPMENT_ASSET_PATHS = "\"CookCookBaby/Preview Content\"";
				DEVELOPMENT_TEAM = M8JXU75248;
				ENABLE_PREVIEWS = YES;
				GENERATE_INFOPLIST_FILE = YES;
				INFOPLIST_FILE = CookCookBaby/Info.plist;
				INFOPLIST_KEY_CFBundleDisplayName = ChopChopKids;
				INFOPLIST_KEY_NSBluetoothAlwaysUsageDescription = "\"CookCook Baby\" uses bluetooth.";
				INFOPLIST_KEY_NSBluetoothPeripheralUsageDescription = "\"CookCook Baby\" uses bluetooth.";
				INFOPLIST_KEY_UIApplicationSceneManifest_Generation = YES;
				INFOPLIST_KEY_UIApplicationSupportsIndirectInputEvents = YES;
				INFOPLIST_KEY_UILaunchScreen_Generation = YES;
				INFOPLIST_KEY_UISupportedInterfaceOrientations = "UIInterfaceOrientationLandscapeLeft UIInterfaceOrientationLandscapeRight UIInterfaceOrientationPortrait";
				INFOPLIST_KEY_UISupportedInterfaceOrientations_iPad = "UIInterfaceOrientationLandscapeLeft UIInterfaceOrientationLandscapeRight";
				IPHONEOS_DEPLOYMENT_TARGET = 16.0;
				LD_RUNPATH_SEARCH_PATHS = (
					"$(inherited)",
					"@executable_path/Frameworks",
				);
				MARKETING_VERSION = 1.0;
				PRODUCT_BUNDLE_IDENTIFIER = com.ung.CookCookBab;
				PRODUCT_NAME = "$(TARGET_NAME)";
				PROVISIONING_PROFILE_SPECIFIER = "";
				SWIFT_EMIT_LOC_STRINGS = YES;
				SWIFT_VERSION = 5.0;
				TARGETED_DEVICE_FAMILY = "1,2";
			};
			name = Release;
		};
/* End XCBuildConfiguration section */

/* Begin XCConfigurationList section */
		4040F61D29FA67E200C3B35D /* Build configuration list for PBXProject "CookCookBaby" */ = {
			isa = XCConfigurationList;
			buildConfigurations = (
				4040F62E29FA67E400C3B35D /* Debug */,
				4040F62F29FA67E400C3B35D /* Release */,
			);
			defaultConfigurationIsVisible = 0;
			defaultConfigurationName = Release;
		};
		4040F63029FA67E400C3B35D /* Build configuration list for PBXNativeTarget "CookCookBaby" */ = {
			isa = XCConfigurationList;
			buildConfigurations = (
				4040F63129FA67E400C3B35D /* Debug */,
				4040F63229FA67E400C3B35D /* Release */,
			);
			defaultConfigurationIsVisible = 0;
			defaultConfigurationName = Release;
		};
/* End XCConfigurationList section */

/* Begin XCVersionGroup section */
		4018B36B2A0CC05600B01F2A /* CookCookBaby.xcdatamodeld */ = {
			isa = XCVersionGroup;
			children = (
				4018B36C2A0CC05600B01F2A /* CookCookBaby.xcdatamodel */,
			);
			currentVersion = 4018B36C2A0CC05600B01F2A /* CookCookBaby.xcdatamodel */;
			path = CookCookBaby.xcdatamodeld;
			sourceTree = "<group>";
			versionGroupType = wrapper.xcdatamodel;
		};
/* End XCVersionGroup section */
	};
	rootObject = 4040F61A29FA67E200C3B35D /* Project object */;
}
